
Microsoft Visual Studio Solution File, Format Version 12.00
# Visual Studio 14
VisualStudioVersion = 14.0.25420.1
MinimumVisualStudioVersion = 10.0.40219.1
Project("{FAE04EC0-301F-11D3-BF4B-00C04F79EFBC}") = "AlarmClock.Core", "AlarmClock.Core\AlarmClock.Core.csproj", "{7EFA56CB-A420-44B9-9AA6-AF9431FF306E}"
EndProject
Project("{FAE04EC0-301F-11D3-BF4B-00C04F79EFBC}") = "AlarmClock.Droid", "AlarmClock.Droid\AlarmClock.Droid.csproj", "{068BCD19-79C1-49E3-8167-215FC90260AD}"
EndProject
Project("{FAE04EC0-301F-11D3-BF4B-00C04F79EFBC}") = "AlarmClock.Win", "AlarmClock.Win\AlarmClock.Win.csproj", "{FF163AD2-AF6D-42A0-A0CB-C7337C87D784}"
EndProject
Project("{FAE04EC0-301F-11D3-BF4B-00C04F79EFBC}") = "AlarmClock.Localization", "AlarmClock.Localization\AlarmClock.Localization.csproj", "{89C319EB-62D4-48C7-BF8F-88FF4CF566F4}"
EndProject
Project("{FAE04EC0-301F-11D3-BF4B-00C04F79EFBC}") = "AlarmClock.Logging", "AlarmClock.Logging\AlarmClock.Logging.csproj", "{4ECC1A51-C29A-46E0-AC36-DA87413A33DB}"
EndProject
Project("{FAE04EC0-301F-11D3-BF4B-00C04F79EFBC}") = "Tests", "Tests\Tests.csproj", "{732C1544-8148-4050-8C6D-6F29EF5E5346}"
EndProject
Global
	GlobalSection(SolutionConfigurationPlatforms) = preSolution
		Debug|Any CPU = Debug|Any CPU
		Debug|ARM = Debug|ARM
		Debug|x64 = Debug|x64
		Debug|x86 = Debug|x86
		Release|Any CPU = Release|Any CPU
		Release|ARM = Release|ARM
		Release|x64 = Release|x64
		Release|x86 = Release|x86
	EndGlobalSection
	GlobalSection(ProjectConfigurationPlatforms) = postSolution
		{7EFA56CB-A420-44B9-9AA6-AF9431FF306E}.Debug|Any CPU.ActiveCfg = Debug|Any CPU
		{7EFA56CB-A420-44B9-9AA6-AF9431FF306E}.Debug|Any CPU.Build.0 = Debug|Any CPU
		{7EFA56CB-A420-44B9-9AA6-AF9431FF306E}.Debug|ARM.ActiveCfg = Debug|Any CPU
		{7EFA56CB-A420-44B9-9AA6-AF9431FF306E}.Debug|ARM.Build.0 = Debug|Any CPU
		{7EFA56CB-A420-44B9-9AA6-AF9431FF306E}.Debug|x64.ActiveCfg = Debug|Any CPU
		{7EFA56CB-A420-44B9-9AA6-AF9431FF306E}.Debug|x64.Build.0 = Debug|Any CPU
		{7EFA56CB-A420-44B9-9AA6-AF9431FF306E}.Debug|x86.ActiveCfg = Debug|Any CPU
		{7EFA56CB-A420-44B9-9AA6-AF9431FF306E}.Debug|x86.Build.0 = Debug|Any CPU
		{7EFA56CB-A420-44B9-9AA6-AF9431FF306E}.Release|Any CPU.ActiveCfg = Release|Any CPU
		{7EFA56CB-A420-44B9-9AA6-AF9431FF306E}.Release|Any CPU.Build.0 = Release|Any CPU
		{7EFA56CB-A420-44B9-9AA6-AF9431FF306E}.Release|ARM.ActiveCfg = Release|Any CPU
		{7EFA56CB-A420-44B9-9AA6-AF9431FF306E}.Release|ARM.Build.0 = Release|Any CPU
		{7EFA56CB-A420-44B9-9AA6-AF9431FF306E}.Release|x64.ActiveCfg = Release|Any CPU
		{7EFA56CB-A420-44B9-9AA6-AF9431FF306E}.Release|x64.Build.0 = Release|Any CPU
		{7EFA56CB-A420-44B9-9AA6-AF9431FF306E}.Release|x86.ActiveCfg = Release|Any CPU
		{7EFA56CB-A420-44B9-9AA6-AF9431FF306E}.Release|x86.Build.0 = Release|Any CPU
		{068BCD19-79C1-49E3-8167-215FC90260AD}.Debug|Any CPU.ActiveCfg = Debug|Any CPU
		{068BCD19-79C1-49E3-8167-215FC90260AD}.Debug|Any CPU.Build.0 = Debug|Any CPU
		{068BCD19-79C1-49E3-8167-215FC90260AD}.Debug|Any CPU.Deploy.0 = Debug|Any CPU
		{068BCD19-79C1-49E3-8167-215FC90260AD}.Debug|ARM.ActiveCfg = Debug|Any CPU
		{068BCD19-79C1-49E3-8167-215FC90260AD}.Debug|ARM.Build.0 = Debug|Any CPU
		{068BCD19-79C1-49E3-8167-215FC90260AD}.Debug|ARM.Deploy.0 = Debug|Any CPU
		{068BCD19-79C1-49E3-8167-215FC90260AD}.Debug|x64.ActiveCfg = Debug|Any CPU
		{068BCD19-79C1-49E3-8167-215FC90260AD}.Debug|x64.Build.0 = Debug|Any CPU
		{068BCD19-79C1-49E3-8167-215FC90260AD}.Debug|x64.Deploy.0 = Debug|Any CPU
		{068BCD19-79C1-49E3-8167-215FC90260AD}.Debug|x86.ActiveCfg = Debug|Any CPU
		{068BCD19-79C1-49E3-8167-215FC90260AD}.Debug|x86.Build.0 = Debug|Any CPU
		{068BCD19-79C1-49E3-8167-215FC90260AD}.Debug|x86.Deploy.0 = Debug|Any CPU
		{068BCD19-79C1-49E3-8167-215FC90260AD}.Release|Any CPU.ActiveCfg = Release|Any CPU
		{068BCD19-79C1-49E3-8167-215FC90260AD}.Release|Any CPU.Build.0 = Release|Any CPU
		{068BCD19-79C1-49E3-8167-215FC90260AD}.Release|Any CPU.Deploy.0 = Release|Any CPU
		{068BCD19-79C1-49E3-8167-215FC90260AD}.Release|ARM.ActiveCfg = Release|Any CPU
		{068BCD19-79C1-49E3-8167-215FC90260AD}.Release|ARM.Build.0 = Release|Any CPU
		{068BCD19-79C1-49E3-8167-215FC90260AD}.Release|ARM.Deploy.0 = Release|Any CPU
		{068BCD19-79C1-49E3-8167-215FC90260AD}.Release|x64.ActiveCfg = Release|Any CPU
		{068BCD19-79C1-49E3-8167-215FC90260AD}.Release|x64.Build.0 = Release|Any CPU
		{068BCD19-79C1-49E3-8167-215FC90260AD}.Release|x64.Deploy.0 = Release|Any CPU
		{068BCD19-79C1-49E3-8167-215FC90260AD}.Release|x86.ActiveCfg = Release|Any CPU
		{068BCD19-79C1-49E3-8167-215FC90260AD}.Release|x86.Build.0 = Release|Any CPU
		{068BCD19-79C1-49E3-8167-215FC90260AD}.Release|x86.Deploy.0 = Release|Any CPU
		{FF163AD2-AF6D-42A0-A0CB-C7337C87D784}.Debug|Any CPU.ActiveCfg = Debug|x86
		{FF163AD2-AF6D-42A0-A0CB-C7337C87D784}.Debug|Any CPU.Build.0 = Debug|x86
		{FF163AD2-AF6D-42A0-A0CB-C7337C87D784}.Debug|Any CPU.Deploy.0 = Debug|x86
		{FF163AD2-AF6D-42A0-A0CB-C7337C87D784}.Debug|ARM.ActiveCfg = Debug|ARM
		{FF163AD2-AF6D-42A0-A0CB-C7337C87D784}.Debug|ARM.Build.0 = Debug|ARM
		{FF163AD2-AF6D-42A0-A0CB-C7337C87D784}.Debug|ARM.Deploy.0 = Debug|ARM
		{FF163AD2-AF6D-42A0-A0CB-C7337C87D784}.Debug|x64.ActiveCfg = Debug|x64
		{FF163AD2-AF6D-42A0-A0CB-C7337C87D784}.Debug|x64.Build.0 = Debug|x64
		{FF163AD2-AF6D-42A0-A0CB-C7337C87D784}.Debug|x64.Deploy.0 = Debug|x64
		{FF163AD2-AF6D-42A0-A0CB-C7337C87D784}.Debug|x86.ActiveCfg = Debug|x86
		{FF163AD2-AF6D-42A0-A0CB-C7337C87D784}.Debug|x86.Build.0 = Debug|x86
		{FF163AD2-AF6D-42A0-A0CB-C7337C87D784}.Debug|x86.Deploy.0 = Debug|x86
		{FF163AD2-AF6D-42A0-A0CB-C7337C87D784}.Release|Any CPU.ActiveCfg = Release|x86
		{FF163AD2-AF6D-42A0-A0CB-C7337C87D784}.Release|ARM.ActiveCfg = Release|ARM
		{FF163AD2-AF6D-42A0-A0CB-C7337C87D784}.Release|ARM.Build.0 = Release|ARM
		{FF163AD2-AF6D-42A0-A0CB-C7337C87D784}.Release|ARM.Deploy.0 = Release|ARM
		{FF163AD2-AF6D-42A0-A0CB-C7337C87D784}.Release|x64.ActiveCfg = Release|x64
		{FF163AD2-AF6D-42A0-A0CB-C7337C87D784}.Release|x64.Build.0 = Release|x64
		{FF163AD2-AF6D-42A0-A0CB-C7337C87D784}.Release|x64.Deploy.0 = Release|x64
		{FF163AD2-AF6D-42A0-A0CB-C7337C87D784}.Release|x86.ActiveCfg = Release|x86
		{FF163AD2-AF6D-42A0-A0CB-C7337C87D784}.Release|x86.Build.0 = Release|x86
		{FF163AD2-AF6D-42A0-A0CB-C7337C87D784}.Release|x86.Deploy.0 = Release|x86
		{89C319EB-62D4-48C7-BF8F-88FF4CF566F4}.Debug|Any CPU.ActiveCfg = Debug|Any CPU
		{89C319EB-62D4-48C7-BF8F-88FF4CF566F4}.Debug|Any CPU.Build.0 = Debug|Any CPU
		{89C319EB-62D4-48C7-BF8F-88FF4CF566F4}.Debug|ARM.ActiveCfg = Debug|Any CPU
		{89C319EB-62D4-48C7-BF8F-88FF4CF566F4}.Debug|ARM.Build.0 = Debug|Any CPU
		{89C319EB-62D4-48C7-BF8F-88FF4CF566F4}.Debug|x64.ActiveCfg = Debug|Any CPU
		{89C319EB-62D4-48C7-BF8F-88FF4CF566F4}.Debug|x64.Build.0 = Debug|Any CPU
		{89C319EB-62D4-48C7-BF8F-88FF4CF566F4}.Debug|x64.Deploy.0 = Debug|Any CPU
		{89C319EB-62D4-48C7-BF8F-88FF4CF566F4}.Debug|x86.ActiveCfg = Debug|Any CPU
		{89C319EB-62D4-48C7-BF8F-88FF4CF566F4}.Debug|x86.Build.0 = Debug|Any CPU
		{89C319EB-62D4-48C7-BF8F-88FF4CF566F4}.Release|Any CPU.ActiveCfg = Release|Any CPU
		{89C319EB-62D4-48C7-BF8F-88FF4CF566F4}.Release|Any CPU.Build.0 = Release|Any CPU
		{89C319EB-62D4-48C7-BF8F-88FF4CF566F4}.Release|ARM.ActiveCfg = Release|Any CPU
		{89C319EB-62D4-48C7-BF8F-88FF4CF566F4}.Release|ARM.Build.0 = Release|Any CPU
		{89C319EB-62D4-48C7-BF8F-88FF4CF566F4}.Release|x64.ActiveCfg = Release|Any CPU
		{89C319EB-62D4-48C7-BF8F-88FF4CF566F4}.Release|x64.Build.0 = Release|Any CPU
		{89C319EB-62D4-48C7-BF8F-88FF4CF566F4}.Release|x86.ActiveCfg = Release|Any CPU
		{89C319EB-62D4-48C7-BF8F-88FF4CF566F4}.Release|x86.Build.0 = Release|Any CPU
		{4ECC1A51-C29A-46E0-AC36-DA87413A33DB}.Debug|Any CPU.ActiveCfg = Debug|Any CPU
		{4ECC1A51-C29A-46E0-AC36-DA87413A33DB}.Debug|Any CPU.Build.0 = Debug|Any CPU
		{4ECC1A51-C29A-46E0-AC36-DA87413A33DB}.Debug|ARM.ActiveCfg = Debug|Any CPU
		{4ECC1A51-C29A-46E0-AC36-DA87413A33DB}.Debug|ARM.Build.0 = Debug|Any CPU
		{4ECC1A51-C29A-46E0-AC36-DA87413A33DB}.Debug|x64.ActiveCfg = Debug|Any CPU
		{4ECC1A51-C29A-46E0-AC36-DA87413A33DB}.Debug|x64.Build.0 = Debug|Any CPU
		{4ECC1A51-C29A-46E0-AC36-DA87413A33DB}.Debug|x86.ActiveCfg = Debug|Any CPU
		{4ECC1A51-C29A-46E0-AC36-DA87413A33DB}.Debug|x86.Build.0 = Debug|Any CPU
		{4ECC1A51-C29A-46E0-AC36-DA87413A33DB}.Release|Any CPU.ActiveCfg = Release|Any CPU
		{4ECC1A51-C29A-46E0-AC36-DA87413A33DB}.Release|Any CPU.Build.0 = Release|Any CPU
		{4ECC1A51-C29A-46E0-AC36-DA87413A33DB}.Release|ARM.ActiveCfg = Release|Any CPU
		{4ECC1A51-C29A-46E0-AC36-DA87413A33DB}.Release|ARM.Build.0 = Release|Any CPU
		{4ECC1A51-C29A-46E0-AC36-DA87413A33DB}.Release|x64.ActiveCfg = Release|Any CPU
		{4ECC1A51-C29A-46E0-AC36-DA87413A33DB}.Release|x64.Build.0 = Release|Any CPU
		{4ECC1A51-C29A-46E0-AC36-DA87413A33DB}.Release|x86.ActiveCfg = Release|Any CPU
		{4ECC1A51-C29A-46E0-AC36-DA87413A33DB}.Release|x86.Build.0 = Release|Any CPU
		{732C1544-8148-4050-8C6D-6F29EF5E5346}.Debug|Any CPU.ActiveCfg = Debug|Any CPU
		{732C1544-8148-4050-8C6D-6F29EF5E5346}.Debug|Any CPU.Build.0 = Debug|Any CPU
		{732C1544-8148-4050-8C6D-6F29EF5E5346}.Debug|ARM.ActiveCfg = Debug|Any CPU
		{732C1544-8148-4050-8C6D-6F29EF5E5346}.Debug|ARM.Build.0 = Debug|Any CPU
		{732C1544-8148-4050-8C6D-6F29EF5E5346}.Debug|x64.ActiveCfg = Debug|Any CPU
		{732C1544-8148-4050-8C6D-6F29EF5E5346}.Debug|x64.Build.0 = Debug|Any CPU
		{732C1544-8148-4050-8C6D-6F29EF5E5346}.Debug|x86.ActiveCfg = Debug|Any CPU
		{732C1544-8148-4050-8C6D-6F29EF5E5346}.Debug|x86.Build.0 = Debug|Any CPU
		{732C1544-8148-4050-8C6D-6F29EF5E5346}.Release|Any CPU.ActiveCfg = Release|Any CPU
		{732C1544-8148-4050-8C6D-6F29EF5E5346}.Release|Any CPU.Build.0 = Release|Any CPU
		{732C1544-8148-4050-8C6D-6F29EF5E5346}.Release|ARM.ActiveCfg = Release|Any CPU
		{732C1544-8148-4050-8C6D-6F29EF5E5346}.Release|ARM.Build.0 = Release|Any CPU
		{732C1544-8148-4050-8C6D-6F29EF5E5346}.Release|x64.ActiveCfg = Release|Any CPU
		{732C1544-8148-4050-8C6D-6F29EF5E5346}.Release|x64.Build.0 = Release|Any CPU
		{732C1544-8148-4050-8C6D-6F29EF5E5346}.Release|x86.ActiveCfg = Release|Any CPU
		{732C1544-8148-4050-8C6D-6F29EF5E5346}.Release|x86.Build.0 = Release|Any CPU
	EndGlobalSection
	GlobalSection(SolutionProperties) = preSolution
		HideSolutionNode = FALSE
	EndGlobalSection
EndGlobal
